Microsoft Visual Studio Solution File, Format Version 11.00
# Visual Studio 2008

Project("{ABF92156-DB86-5580-4FD3-073A66423F2E}") = "Carbon 6 Revamped", "Assembly-CSharp.csproj", "{AD325945-4CCC-08F8-97FF-B8835DC98F54}"
EndProject
Global
	GlobalSection(SolutionConfigurationPlatforms) = preSolution
		Debug|Any CPU = Debug|Any CPU
		Release|Any CPU = Release|Any CPU
	EndGlobalSection
	GlobalSection(ProjectConfigurationPlatforms) = postSolution
		{AD325945-4CCC-08F8-97FF-B8835DC98F54}.Debug|Any CPU.ActiveCfg = Debug|Any CPU
		{AD325945-4CCC-08F8-97FF-B8835DC98F54}.Debug|Any CPU.Build.0 = Debug|Any CPU
		{AD325945-4CCC-08F8-97FF-B8835DC98F54}.Release|Any CPU.ActiveCfg = Release|Any CPU
		{AD325945-4CCC-08F8-97FF-B8835DC98F54}.Release|Any CPU.Build.0 = Release|Any CPU
	EndGlobalSection
	GlobalSection(SolutionProperties) = preSolution
		HideSolutionNode = FALSE
	EndGlobalSection
	GlobalSection(MonoDevelopProperties) = preSolution
		StartupItem = Assembly-CSharp.csproj
	EndGlobalSection
EndGlobal
